blueprint:
  custom_cards:
  - mushroom-lock-card
  description: replaces lock card with mushroom lock card by Bourner
  name: Replace Mushroom Lock Card
  type: replace-card
  version: '1.1'
card:
  type: custom:mushroom-lock-card
  entity: $replace_with_input_entity$
  name: $replace_with_input_name$